// !$*UTF8*$!
{
	archiveVersion = 1;
	classes = {
	};
	objectVersion = 56;
	objects = {

/* Begin PBXBuildFile section */
		D06AD1B62911AD0500B2AAB5 /* BrokenTextVibrancyExampleApp.swift in Sources */ = {isa = PBXBuildFile; fileRef = D06AD1B52911AD0500B2AAB5 /* BrokenTextVibrancyExampleApp.swift */; };
		D06AD1B82911AD0500B2AAB5 /* ContentView.swift in Sources */ = {isa = PBXBuildFile; fileRef = D06AD1B72911AD0500B2AAB5 /* ContentView.swift */; };
		D06AD1BA2911AD0600B2AAB5 /* Assets.xcassets in Resources */ = {isa = PBXBuildFile; fileRef = D06AD1B92911AD0600B2AAB5 /* Assets.xcassets */; };
		D06AD1BD2911AD0600B2AAB5 /* Preview Assets.xcassets in Resources */ = {isa = PBXBuildFile; fileRef = D06AD1BC2911AD0600B2AAB5 /* Preview Assets.xcassets */; };
/* End PBXBuildFile section */

/* Begin PBXFileReference section */
		D06AD1B22911AD0500B2AAB5 /* BrokenTextVibrancyExample.app */ = {isa = PBXFileReference; explicitFileType = wrapper.application; includeInIndex = 0; path = BrokenTextVibrancyExample.app; sourceTree = BUILT_PRODUCTS_DIR; };
		D06AD1B52911AD0500B2AAB5 /* BrokenTextVibrancyExampleApp.swift */ = {isa = PBXFileReference; lastKnownFileType = sourcecode.swift; path = BrokenTextVibrancyExampleApp.swift; sourceTree = "<group>"; };
		D06AD1B72911AD0500B2AAB5 /* ContentView.swift */ = {isa = PBXFileReference; lastKnownFileType = sourcecode.swift; path = ContentView.swift; sourceTree = "<group>"; };
		D06AD1B92911AD0600B2AAB5 /* Assets.xcassets */ = {isa = PBXFileReference; lastKnownFileType = folder.assetcatalog; path = Assets.xcassets; sourceTree = "<group>"; };
		D06AD1BC2911AD0600B2AAB5 /* Preview Assets.xcassets */ = {isa = PBXFileReference; lastKnownFileType = folder.assetcatalog; path = "Preview Assets.xcassets"; sourceTree = "<group>"; };
		D06AD1BE2911AD0600B2AAB5 /* BrokenTextVibrancyExample.entitlements */ = {isa = PBXFileReference; lastKnownFileType = text.plist.entitlements; path = BrokenTextVibrancyExample.entitlements; sourceTree = "<group>"; };
/* End PBXFileReference section */

/* Begin PBXFrameworksBuildPhase section */
		D06AD1AF2911AD0500B2AAB5 /* Frameworks */ = {
			isa = PBXFrameworksBuildPhase;
			buildActionMask = 2147483647;
			files = (
			);
			runOnlyForDeploymentPostprocessing = 0;
		};
/* End PBXFrameworksBuildPhase section */

/* Begin PBXGroup section */
		D06AD1A92911AD0500B2AAB5 = {
			isa = PBXGroup;
			children = (
				D06AD1B42911AD0500B2AAB5 /* BrokenTextVibrancyExample */,
				D06AD1B32911AD0500B2AAB5 /* Products */,
			);
			sourceTree = "<group>";
		};
		D06AD1B32911AD0500B2AAB5 /* Products */ = {
			isa = PBXGroup;
			children = (
				D06AD1B22911AD0500B2AAB5 /* BrokenTextVibrancyExample.app */,
			);
			name = Products;
			sourceTree = "<group>";
		};
		D06AD1B42911AD0500B2AAB5 /* BrokenTextVibrancyExample */ = {
			isa = PBXGroup;
			children = (
				D06AD1B52911AD0500B2AAB5 /* BrokenTextVibrancyExampleApp.swift */,
				D06AD1B72911AD0500B2AAB5 /* ContentView.swift */,
				D06AD1B92911AD0600B2AAB5 /* Assets.xcassets */,
				D06AD1BE2911AD0600B2AAB5 /* BrokenTextVibrancyExample.entitlements */,
				D06AD1BB2911AD0600B2AAB5 /* Preview Content */,
			);
			path = BrokenTextVibrancyExample;
			sourceTree = "<group>";
		};
		D06AD1BB2911AD0600B2AAB5 /* Preview Content */ = {
			isa = PBXGroup;
			children = (
				D06AD1BC2911AD0600B2AAB5 /* Preview Assets.xcassets */,
			);
			path = "Preview Content";
			sourceTree = "<group>";
		};
/* End PBXGroup section */

/* Begin PBXNativeTarget section */
		D06AD1B12911AD0500B2AAB5 /* BrokenTextVibrancyExample */ = {
			isa = PBXNativeTarget;
			buildConfigurationList = D06AD1C12911AD0600B2AAB5 /* Build configuration list for PBXNativeTarget "BrokenTextVibrancyExample" */;
			buildPhases = (
				D06AD1AE2911AD0500B2AAB5 /* Sources */,
				D06AD1AF2911AD0500B2AAB5 /* Frameworks */,
				D06AD1B02911AD0500B2AAB5 /* Resources */,
			);
			buildRules = (
			);
			dependencies = (
			);
			name = BrokenTextVibrancyExample;
			productName = BrokenTextVibrancyExample;
			productReference = D06AD1B22911AD0500B2AAB5 /* BrokenTextVibrancyExample.app */;
			productType = "com.apple.product-type.application";
		};
/* End PBXNativeTarget section */

/* Begin PBXProject section */
		D06AD1AA2911AD0500B2AAB5 /* Project object */ = {
			isa = PBXProject;
			attributes = {
				BuildIndependentTargetsInParallel = 1;
				LastSwiftUpdateCheck = 1400;
				LastUpgradeCheck = 1400;
				TargetAttributes = {
					D06AD1B12911AD0500B2AAB5 = {
						CreatedOnToolsVersion = 14.0.1;
					};
				};
			};
			buildConfigurationList = D06AD1AD2911AD0500B2AAB5 /* Build configuration list for PBXProject "BrokenTextVibrancyExample" */;
			compatibilityVersion = "Xcode 14.0";
			developmentRegion = en;
			hasScannedForEncodings = 0;
			knownRegions = (
				en,
				Base,
			);
			mainGroup = D06AD1A92911AD0500B2AAB5;
			productRefGroup = D06AD1B32911AD0500B2AAB5 /* Products */;
			projectDirPath = "";
			projectRoot = "";
			targets = (
				D06AD1B12911AD0500B2AAB5 /* BrokenTextVibrancyExample */,
			);
		};
/* End PBXProject section */

/* Begin PBXResourcesBuildPhase section */
		D06AD1B02911AD0500B2AAB5 /* Resources */ = {
			isa = PBXResourcesBuildPhase;
			buildActionMask = 2147483647;
			files = (
				D06AD1BD2911AD0600B2AAB5 /* Preview Assets.xcassets in Resources */,
				D06AD1BA2911AD0600B2AAB5 /* Assets.xcassets in Resources */,
			);
			runOnlyForDeploymentPostprocessing = 0;
		};
/* End PBXResourcesBuildPhase section */

/* Begin PBXSourcesBuildPhase section */
		D06AD1AE2911AD0500B2AAB5 /* Sources */ = {
			isa = PBXSourcesBuildPhase;
			buildActionMask = 2147483647;
			files = (
				D06AD1B82911AD0500B2AAB5 /* ContentView.swift in Sources */,
				D06AD1B62911AD0500B2AAB5 /* BrokenTextVibrancyExampleApp.swift in Sources */,
			);
			runOnlyForDeploymentPostprocessing = 0;
		};
/* End PBXSourcesBuildPhase section */

/* Begin XCBuildConfiguration section */
		D06AD1BF2911AD0600B2AAB5 /* Debug */ = {
			isa = XCBuildConfiguration;
			buildSettings = {
				ALWAYS_SEARCH_USER_PATHS = NO;
				CLANG_ANALYZER_NONNULL = YES;
				CLANG_ANALYZER_NUMBER_OBJECT_CONVERSION = YES_AGGRESSIVE;
				CLANG_CXX_LANGUAGE_STANDARD = "gnu++20";
				CLANG_ENABLE_MODULES = YES;
				CLANG_ENABLE_OBJC_ARC = YES;
				CLANG_ENABLE_OBJC_WEAK = YES;
				CLANG_WARN_BLOCK_CAPTURE_AUTORELEASING = YES;
				CLANG_WARN_BOOL_CONVERSION = YES;
				CLANG_WARN_COMMA = YES;
				CLANG_WARN_CONSTANT_CONVERSION = YES;
				CLANG_WARN_DEPRECATED_OBJC_IMPLEMENTATIONS = YES;
				CLANG_WARN_DIRECT_OBJC_ISA_USAGE = YES_ERROR;
				CLANG_WARN_DOCUMENTATION_COMMENTS = YES;
				CLANG_WARN_EMPTY_BODY = YES;
				CLANG_WARN_ENUM_CONVERSION = YES;
				CLANG_WARN_INFINITE_RECURSION = YES;
				CLANG_WARN_INT_CONVERSION = YES;
				CLANG_WARN_NON_LITERAL_NULL_CONVERSION = YES;
				CLANG_WARN_OBJC_IMPLICIT_RETAIN_SELF = YES;
				CLANG_WARN_OBJC_LITERAL_CONVERSION = YES;
				CLANG_WARN_OBJC_ROOT_CLASS = YES_ERROR;
				CLANG_WARN_QUOTED_INCLUDE_IN_FRAMEWORK_HEADER = YES;
				CLANG_WARN_RANGE_LOOP_ANALYSIS = YES;
				CLANG_WARN_STRICT_PROTOTYPES = YES;
				CLANG_WARN_SUSPICIOUS_MOVE = YES;
				CLANG_WARN_UNGUARDED_AVAILABILITY = YES_AGGRESSIVE;
				CLANG_WARN_UNREACHABLE_CODE = YES;
				CLANG_WARN__DUPLICATE_METHOD_MATCH = YES;
				COPY_PHASE_STRIP = NO;
				DEBUG_INFORMATION_FORMAT = dwarf;
				ENABLE_STRICT_OBJC_MSGSEND = YES;
				ENABLE_TESTABILITY = YES;
				GCC_C_LANGUAGE_STANDARD = gnu11;
				GCC_DYNAMIC_NO_PIC = NO;
				GCC_NO_COMMON_BLOCKS = YES;
				GCC_OPTIMIZATION_LEVEL = 0;
				GCC_PREPROCESSOR_DEFINITIONS = (
					"DEBUG=1",
					"$(inherited)",
				);
				GCC_WARN_64_TO_32_BIT_CONVERSION = YES;
				GCC_WARN_ABOUT_RETURN_TYPE = YES_ERROR;
				GCC_WARN_UNDECLARED_SELECTOR = YES;
				GCC_WARN_UNINITIALIZED_AUTOS = YES_AGGRESSIVE;
				GCC_WARN_UNUSED_FUNCTION = YES;
				GCC_WARN_UNUSED_VARIABLE = YES;
				MACOSX_DEPLOYMENT_TARGET = 12.3;
				MTL_ENABLE_DEBUG_INFO = INCLUDE_SOURCE;
				MTL_FAST_MATH = YES;
				ONLY_ACTIVE_ARCH = YES;
				SDKROOT = macosx;
				SWIFT_ACTIVE_COMPILATION_CONDITIONS = DEBUG;
				SWIFT_OPTIMIZATION_LEVEL = "-Onone";
			};
			name = Debug;
		};
		D06AD1C02911AD0600B2AAB5 /* Release */ = {
			isa = XCBuildConfiguration;
			buildSettings = {
				ALWAYS_SEARCH_USER_PATHS = NO;
				CLANG_ANALYZER_NONNULL = YES;
				CLANG_ANALYZER_NUMBER_OBJECT_CONVERSION = YES_AGGRESSIVE;
				CLANG_CXX_LANGUAGE_STANDARD = "gnu++20";
				CLANG_ENABLE_MODULES = YES;
				CLANG_ENABLE_OBJC_ARC = YES;
				CLANG_ENABLE_OBJC_WEAK = YES;
				CLANG_WARN_BLOCK_CAPTURE_AUTORELEASING = YES;
				CLANG_WARN_BOOL_CONVERSION = YES;
				CLANG_WARN_COMMA = YES;
				CLANG_WARN_CONSTANT_CONVERSION = YES;
				CLANG_WARN_DEPRECATED_OBJC_IMPLEMENTATIONS = YES;
				CLANG_WARN_DIRECT_OBJC_ISA_USAGE = YES_ERROR;
				CLANG_WARN_DOCUMENTATION_COMMENTS = YES;
				CLANG_WARN_EMPTY_BODY = YES;
				CLANG_WARN_ENUM_CONVERSION = YES;
				CLANG_WARN_INFINITE_RECURSION = YES;
				CLANG_WARN_INT_CONVERSION = YES;
				CLANG_WARN_NON_LITERAL_NULL_CONVERSION = YES;
				CLANG_WARN_OBJC_IMPLICIT_RETAIN_SELF = YES;
				CLANG_WARN_OBJC_LITERAL_CONVERSION = YES;
				CLANG_WARN_OBJC_ROOT_CLASS = YES_ERROR;
				CLANG_WARN_QUOTED_INCLUDE_IN_FRAMEWORK_HEADER = YES;
				CLANG_WARN_RANGE_LOOP_ANALYSIS = YES;
				CLANG_WARN_STRICT_PROTOTYPES = YES;
				CLANG_WARN_SUSPICIOUS_MOVE = YES;
				CLANG_WARN_UNGUARDED_AVAILABILITY = YES_AGGRESSIVE;
				CLANG_WARN_UNREACHABLE_CODE = YES;
				CLANG_WARN__DUPLICATE_METHOD_MATCH = YES;
				COPY_PHASE_STRIP = NO;
				DEBUG_INFORMATION_FORMAT = "dwarf-with-dsym";
				ENABLE_NS_ASSERTIONS = NO;
				ENABLE_STRICT_OBJC_MSGSEND = YES;
				GCC_C_LANGUAGE_STANDARD = gnu11;
				GCC_NO_COMMON_BLOCKS = YES;
				GCC_WARN_64_TO_32_BIT_CONVERSION = YES;
				GCC_WARN_ABOUT_RETURN_TYPE = YES_ERROR;
				GCC_WARN_UNDECLARED_SELECTOR = YES;
				GCC_WARN_UNINITIALIZED_AUTOS = YES_AGGRESSIVE;
				GCC_WARN_UNUSED_FUNCTION = YES;
				GCC_WARN_UNUSED_VARIABLE = YES;
				MACOSX_DEPLOYMENT_TARGET = 12.3;
				MTL_ENABLE_DEBUG_INFO = NO;
				MTL_FAST_MATH = YES;
				SDKROOT = macosx;
				SWIFT_COMPILATION_MODE = wholemodule;
				SWIFT_OPTIMIZATION_LEVEL = "-O";
			};
			name = Release;
		};
		D06AD1C22911AD0600B2AAB5 /* Debug */ = {
			isa = XCBuildConfiguration;
			buildSettings = {
				ASSETCATALOG_COMPILER_APPICON_NAME = AppIcon;
				ASSETCATALOG_COMPILER_GLOBAL_ACCENT_COLOR_NAME = AccentColor;
				CODE_SIGN_ENTITLEMENTS = BrokenTextVibrancyExample/BrokenTextVibrancyExample.entitlements;
				CODE_SIGN_STYLE = Automatic;
				COMBINE_HIDPI_IMAGES = YES;
				CURRENT_PROJECT_VERSION = 1;
				DEVELOPMENT_ASSET_PATHS = "\"BrokenTextVibrancyExample/Preview Content\"";
				DEVELOPMENT_TEAM = 95MNB67DXX;
				ENABLE_HARDENED_RUNTIME = YES;
				ENABLE_PREVIEWS = YES;
				GENERATE_INFOPLIST_FILE = YES;
				INFOPLIST_KEY_NSHumanReadableCopyright = "";
				LD_RUNPATH_SEARCH_PATHS = (
					"$(inherited)",
					"@executable_path/../Frameworks",
				);
				MARKETING_VERSION = 1.0;
				PRODUCT_BUNDLE_IDENTIFIER = com.example.BrokenTextVibrancyExample;
				PRODUCT_NAME = "$(TARGET_NAME)";
				SWIFT_EMIT_LOC_STRINGS = YES;
				SWIFT_VERSION = 5.0;
			};
			name = Debug;
		};
		D06AD1C32911AD0600B2AAB5 /* Release */ = {
			isa = XCBuildConfiguration;
			buildSettings = {
				ASSETCATALOG_COMPILER_APPICON_NAME = AppIcon;
				ASSETCATALOG_COMPILER_GLOBAL_ACCENT_COLOR_NAME = AccentColor;
				CODE_SIGN_ENTITLEMENTS = BrokenTextVibrancyExample/BrokenTextVibrancyExample.entitlements;
				CODE_SIGN_STYLE = Automatic;
				COMBINE_HIDPI_IMAGES = YES;
				CURRENT_PROJECT_VERSION = 1;
				DEVELOPMENT_ASSET_PATHS = "\"BrokenTextVibrancyExample/Preview Content\"";
				DEVELOPMENT_TEAM = 95MNB67DXX;
				ENABLE_HARDENED_RUNTIME = YES;
				ENABLE_PREVIEWS = YES;
				GENERATE_INFOPLIST_FILE = YES;
				INFOPLIST_KEY_NSHumanReadableCopyright = "";
				LD_RUNPATH_SEARCH_PATHS = (
					"$(inherited)",
					"@executable_path/../Frameworks",
				);
				MARKETING_VERSION = 1.0;
				PRODUCT_BUNDLE_IDENTIFIER = com.example.BrokenTextVibrancyExample;
				PRODUCT_NAME = "$(TARGET_NAME)";
				SWIFT_EMIT_LOC_STRINGS = YES;
				SWIFT_VERSION = 5.0;
			};
			name = Release;
		};
/* End XCBuildConfiguration section */

/* Begin XCConfigurationList section */
		D06AD1AD2911AD0500B2AAB5 /* Build configuration list for PBXProject "BrokenTextVibrancyExample" */ = {
			isa = XCConfigurationList;
			buildConfigurations = (
				D06AD1BF2911AD0600B2AAB5 /* Debug */,
				D06AD1C02911AD0600B2AAB5 /* Release */,
			);
			defaultConfigurationIsVisible = 0;
			defaultConfigurationName = Release;
		};
		D06AD1C12911AD0600B2AAB5 /* Build configuration list for PBXNativeTarget "BrokenTextVibrancyExample" */ = {
			isa = XCConfigurationList;
			buildConfigurations = (
				D06AD1C22911AD0600B2AAB5 /* Debug */,
				D06AD1C32911AD0600B2AAB5 /* Release */,
			);
			defaultConfigurationIsVisible = 0;
			defaultConfigurationName = Release;
		};
/* End XCConfigurationList section */
	};
	rootObject = D06AD1AA2911AD0500B2AAB5 /* Project object */;
}
